{
  "name": "spot",
  "version": "1.0.0",
  "lockfileVersion": 1,
  "requires": true,
  "dependencies": {
    "invert-kv": {
      "version": "1.0.0",
      "resolved": "https://registry.npmjs.org/invert-kv/-/invert-kv-1.0.0.tgz",
      "integrity": "sha1-EEqOSqym09jNFXqO+L+rLXo//bY="
    },
    "lcid": {
      "version": "1.0.0",
      "resolved": "https://registry.npmjs.org/lcid/-/lcid-1.0.0.tgz",
      "integrity": "sha1-MIrMr6C8SDo4Z7S28rlQYlHRuDU=",
      "requires": {
        "invert-kv": "^1.0.0"
      }
    },
    "nan": {
      "version": "2.13.2",
      "resolved": "https://registry.npmjs.org/nan/-/nan-2.13.2.tgz",
      "integrity": "sha512-TghvYc72wlMGMVMluVo9WRJc0mB8KxxF/gZ4YYFy7V2ZQX9l7rgbPg7vjS9mt6U5HXODVFVI2bOduCzwOMv/lw=="
    },
    "node-wifiscanner2": {
      "version": "1.2.0",
      "resolved": "https://registry.npmjs.org/node-wifiscanner2/-/node-wifiscanner2-1.2.0.tgz",
      "integrity": "sha1-ln+tDXV7Qwo5snGNQIy72ewetIA=",
      "requires": {
        "os-locale": "^1.4.0"
      }
    },
    "os-locale": {
      "version": "1.4.0",
      "resolved": "https://registry.npmjs.org/os-locale/-/os-locale-1.4.0.tgz",
      "integrity": "sha1-IPnxeuKe00XoveWDsT0gCYA8FNk=",
      "requires": {
        "lcid": "^1.0.0"
      }
    },
    "pcap": {
      "version": "2.1.0",
      "resolved": "https://registry.npmjs.org/pcap/-/pcap-2.1.0.tgz",
      "integrity": "sha512-immYRefC8nWvfH0HbmB/O+8xcd5TsN+VzOusFY0BNpQtZXlKwZo/2AiZHAukcC41vcgVI7dUrBxQCsQc71NaOw==",
      "requires": {
        "nan": "^2.0.9"
      },
      "dependencies": {
        "socketwatcher": {
          "version": "git+https://github.com/bytzdev/node-socketwatcher.git#d252d3f8c45f565a0a48ebd155d4f9e4666798d9",
          "from": "git+https://github.com/bytzdev/node-socketwatcher.git#d252d3f8c45f565a0a48ebd155d4f9e4666798d9",
          "requires": {
            "nan": "^2.0.9"
          }
        }
      }
    },
    "sync-exec": {
      "version": "0.6.2",
      "resolved": "https://registry.npmjs.org/sync-exec/-/sync-exec-0.6.2.tgz",
      "integrity": "sha1-cX0izFPwzh3vVZQ2LzqJouu5EQU="
    },
    "wifi-control": {
      "version": "2.0.1",
      "resolved": "https://registry.npmjs.org/wifi-control/-/wifi-control-2.0.1.tgz",
      "integrity": "sha1-WsDVYrSsjXRziAJy4mMezr8ybgk=",
      "requires": {
        "node-wifiscanner2": "^1.1.0",
        "sync-exec": "^0.6.2"
      }
    }
  }
}
